
Microsoft Visual Studio Solution File, Format Version 12.00
# Visual Studio 15
VisualStudioVersion = 15.0.28010.2036
MinimumVisualStudioVersion = 10.0.40219.1
Project("{888888A0-9F3D-457C-B088-3A5042F75D52}") = "SmartHanger_vs", "SmartHanger_vs\SmartHanger_vs.pyproj", "{C9D0541F-3C53-431C-9BB7-405158D52BB7}"
EndProject
Project("{888888A0-9F3D-457C-B088-3A5042F75D52}") = "agregator", "SmartHanger_vs\agregator.pyproj", "{E03F6C7C-8E4C-4CD2-96D9-9CD9B373932C}"
EndProject
Project("{888888A0-9F3D-457C-B088-3A5042F75D52}") = "product", "product\product.pyproj", "{2113B257-70F9-499C-90BC-AB62C454D2B6}"
EndProject
Global
	GlobalSection(SolutionConfigurationPlatforms) = preSolution
		Debug|Any CPU = Debug|Any CPU
		Release|Any CPU = Release|Any CPU
	EndGlobalSection
	GlobalSection(ProjectConfigurationPlatforms) = postSolution
		{C9D0541F-3C53-431C-9BB7-405158D52BB7}.Debug|Any CPU.ActiveCfg = Debug|Any CPU
		{C9D0541F-3C53-431C-9BB7-405158D52BB7}.Debug|Any CPU.Build.0 = Debug|Any CPU
		{C9D0541F-3C53-431C-9BB7-405158D52BB7}.Release|Any CPU.ActiveCfg = Release|Any CPU
		{C9D0541F-3C53-431C-9BB7-405158D52BB7}.Release|Any CPU.Build.0 = Release|Any CPU
		{E03F6C7C-8E4C-4CD2-96D9-9CD9B373932C}.Debug|Any CPU.ActiveCfg = Debug|Any CPU
		{E03F6C7C-8E4C-4CD2-96D9-9CD9B373932C}.Debug|Any CPU.Build.0 = Debug|Any CPU
		{E03F6C7C-8E4C-4CD2-96D9-9CD9B373932C}.Release|Any CPU.ActiveCfg = Release|Any CPU
		{E03F6C7C-8E4C-4CD2-96D9-9CD9B373932C}.Release|Any CPU.Build.0 = Release|Any CPU
		{2113B257-70F9-499C-90BC-AB62C454D2B6}.Debug|Any CPU.ActiveCfg = Debug|Any CPU
		{2113B257-70F9-499C-90BC-AB62C454D2B6}.Debug|Any CPU.Build.0 = Debug|Any CPU
		{2113B257-70F9-499C-90BC-AB62C454D2B6}.Release|Any CPU.ActiveCfg = Release|Any CPU
		{2113B257-70F9-499C-90BC-AB62C454D2B6}.Release|Any CPU.Build.0 = Release|Any CPU
	EndGlobalSection
	GlobalSection(SolutionProperties) = preSolution
		HideSolutionNode = FALSE
	EndGlobalSection
	GlobalSection(ExtensibilityGlobals) = postSolution
		SolutionGuid = {FC080325-DBA7-4B1D-AE3E-A41A4F7BAFFC}
	EndGlobalSection
EndGlobal
